
Microsoft Visual Studio Solution File, Format Version 12.00
# Visual Studio Version 16
VisualStudioVersion = 16.0.31605.320
MinimumVisualStudioVersion = 10.0.40219.1
Project("{FAE04EC0-301F-11D3-BF4B-00C04F79EFBC}") = "Lessons9 FileManedger", "Lessons9 FileManedger\Lessons9 FileManedger.csproj", "{239F52C0-E621-4839-8359-AD399BBDE253}"
EndProject
Project("{FAE04EC0-301F-11D3-BF4B-00C04F79EFBC}") = "MyLibrary1", "MyLibrary1\MyLibrary1.csproj", "{2086B1E8-E7AB-46B5-AECE-76728030146A}"
EndProject
Global
	GlobalSection(SolutionConfigurationPlatforms) = preSolution
		Debug|Any CPU = Debug|Any CPU
		Release|Any CPU = Release|Any CPU
	EndGlobalSection
	GlobalSection(ProjectConfigurationPlatforms) = postSolution
		{239F52C0-E621-4839-8359-AD399BBDE253}.Debug|Any CPU.ActiveCfg = Debug|Any CPU
		{239F52C0-E621-4839-8359-AD399BBDE253}.Debug|Any CPU.Build.0 = Debug|Any CPU
		{239F52C0-E621-4839-8359-AD399BBDE253}.Release|Any CPU.ActiveCfg = Release|Any CPU
		{239F52C0-E621-4839-8359-AD399BBDE253}.Release|Any CPU.Build.0 = Release|Any CPU
		{2086B1E8-E7AB-46B5-AECE-76728030146A}.Debug|Any CPU.ActiveCfg = Debug|Any CPU
		{2086B1E8-E7AB-46B5-AECE-76728030146A}.Debug|Any CPU.Build.0 = Debug|Any CPU
		{2086B1E8-E7AB-46B5-AECE-76728030146A}.Release|Any CPU.ActiveCfg = Release|Any CPU
		{2086B1E8-E7AB-46B5-AECE-76728030146A}.Release|Any CPU.Build.0 = Release|Any CPU
	EndGlobalSection
	GlobalSection(SolutionProperties) = preSolution
		HideSolutionNode = FALSE
	EndGlobalSection
	GlobalSection(ExtensibilityGlobals) = postSolution
		SolutionGuid = {409D29AA-7FCA-4C04-9171-3CAF6527D5E2}
	EndGlobalSection
EndGlobal
